{
	"name": "enhance-remix",
	"lockfileVersion": 2,
	"requires": true,
	"packages": {
		"": {
			"workspaces": [
				"examples/*",
				"packages/*"
			],
			"engines": {
				"node": ">=18"
			}
		},
		"examples/basic": {
			"name": "enhance-remix-basic-example",
			"dependencies": {
				"enhance-remix": "0.0.1",
				"enhance-remix-node": "0.0.1",
				"front-matter": "4.0.2",
				"marked": "4.1.1"
			},
			"devDependencies": {
				"@enhance/types": "0.4.0",
				"@types/marked": "4.0.7",
				"@types/node": "18.8.4",
				"literally-html": "0.1.1",
				"nodemon": "2.0.20"
			}
		},
		"node_modules/@begin/parse5": {
			"version": "0.0.4",
			"resolved": "https://registry.npmjs.org/@begin/parse5/-/parse5-0.0.4.tgz",
			"integrity": "sha512-1H5S1AcFqpQfBMG0z4z7URFb5jWCrILIH9MkXSmTsyYd4hj4kgJnpXHGELJE9HnXH1maI/WfHi5j+udDVkvZ9g==",
			"dependencies": {
				"parse5": "^7.0.0"
			}
		},
		"node_modules/@enhance/ssr": {
			"version": "3.0.9",
			"resolved": "https://registry.npmjs.org/@enhance/ssr/-/ssr-3.0.9.tgz",
			"integrity": "sha512-M0Rv9c0m5HTAUwk/PSNrmjKuxA3aVi1AS70HPFFm9O0BRggDnYZH/uSFBmulQX+7LzvUH9QpHumkxIs3QNFvfA==",
			"dependencies": {
				"@begin/parse5": "^0.0.4"
			},
			"engines": {
				"node": ">=14.0.0"
			}
		},
		"node_modules/@enhance/types": {
			"version": "0.4.0",
			"resolved": "https://registry.npmjs.org/@enhance/types/-/types-0.4.0.tgz",
			"integrity": "sha512-VnnvItvvz3ylZJYsXEG3Cns6D7etSE6/viMSXV91TLSve3T3nn6V5WRB7Coyll/OAP60YHaC0mlbp1728qOJhA==",
			"dev": true
		},
		"node_modules/@remix-run/router": {
			"version": "1.0.2",
			"resolved": "https://registry.npmjs.org/@remix-run/router/-/router-1.0.2.tgz",
			"integrity": "sha512-GRSOFhJzjGN+d4sKHTMSvNeUPoZiDHWmRnXfzaxrqe7dE/Nzlc8BiMSJdLDESZlndM7jIUrZ/F4yWqVYlI0rwQ==",
			"engines": {
				"node": ">=14"
			}
		},
		"node_modules/@types/marked": {
			"version": "4.0.7",
			"resolved": "https://registry.npmjs.org/@types/marked/-/marked-4.0.7.tgz",
			"integrity": "sha512-eEAhnz21CwvKVW+YvRvcTuFKNU9CV1qH+opcgVK3pIMI6YZzDm6gc8o2vHjldFk6MGKt5pueSB7IOpvpx5Qekw==",
			"dev": true
		},
		"node_modules/@types/node": {
			"version": "18.8.4",
			"resolved": "https://registry.npmjs.org/@types/node/-/node-18.8.4.tgz",
			"integrity": "sha512-WdlVphvfR/GJCLEMbNA8lJ0lhFNBj4SW3O+O5/cEGw9oYrv0al9zTwuQsq+myDUXgNx2jgBynoVgZ2MMJ6pbow==",
			"dev": true
		},
		"node_modules/abbrev": {
			"version": "1.1.1",
			"resolved": "https://registry.npmjs.org/abbrev/-/abbrev-1.1.1.tgz",
			"integrity": "sha512-nne9/IiQ/hzIhY6pdDnbBtz7DjPTKrY00P/zvPSm5pOFkl6xuGrGnXn/VtTNNfNtAfZ9/1RtehkszU9qcTii0Q==",
			"dev": true
		},
		"node_modules/anymatch": {
			"version": "3.1.2",
			"resolved": "https://registry.npmjs.org/anymatch/-/anymatch-3.1.2.tgz",
			"integrity": "sha512-P43ePfOAIupkguHUycrc4qJ9kz8ZiuOUijaETwX7THt0Y/GNK7v0aa8rY816xWjZ7rJdA5XdMcpVFTKMq+RvWg==",
			"dev": true,
			"dependencies": {
				"normalize-path": "^3.0.0",
				"picomatch": "^2.0.4"
			},
			"engines": {
				"node": ">= 8"
			}
		},
		"node_modules/argparse": {
			"version": "1.0.10",
			"resolved": "https://registry.npmjs.org/argparse/-/argparse-1.0.10.tgz",
			"integrity": "sha512-o5Roy6tNG4SL/FOkCAN6RzjiakZS25RLYFrcMttJqbdd8BWrnA+fGz57iN5Pb06pvBGvl5gQ0B48dJlslXvoTg==",
			"dependencies": {
				"sprintf-js": "~1.0.2"
			}
		},
		"node_modules/balanced-match": {
			"version": "1.0.2",
			"resolved": "https://registry.npmjs.org/balanced-match/-/balanced-match-1.0.2.tgz",
			"integrity": "sha512-3oSeUO0TMV67hN1AmbXsK4yaqU7tjiHlbxRDZOpH0KW9+CeX4bRAaX0Anxt0tx2MrpRpWwQaPwIlISEJhYU5Pw==",
			"dev": true
		},
		"node_modules/binary-extensions": {
			"version": "2.2.0",
			"resolved": "https://registry.npmjs.org/binary-extensions/-/binary-extensions-2.2.0.tgz",
			"integrity": "sha512-jDctJ/IVQbZoJykoeHbhXpOlNBqGNcwXJKJog42E5HDPUwQTSdjCHdihjj0DlnheQ7blbT6dHOafNAiS8ooQKA==",
			"dev": true,
			"engines": {
				"node": ">=8"
			}
		},
		"node_modules/brace-expansion": {
			"version": "1.1.11",
			"resolved": "https://registry.npmjs.org/brace-expansion/-/brace-expansion-1.1.11.tgz",
			"integrity": "sha512-iCuPHDFgrHX7H2vEI/5xpz07zSHB00TpugqhmYtVmMO6518mCuRMoOYFldEBl0g187ufozdaHgWKcYFb61qGiA==",
			"dev": true,
			"dependencies": {
				"balanced-match": "^1.0.0",
				"concat-map": "0.0.1"
			}
		},
		"node_modules/braces": {
			"version": "3.0.2",
			"resolved": "https://registry.npmjs.org/braces/-/braces-3.0.2.tgz",
			"integrity": "sha512-b8um+L1RzM3WDSzvhm6gIz1yfTbBt6YTlcEKAvsmqCZZFw46z626lVj9j1yEPW33H5H+lBQpZMP1k8l+78Ha0A==",
			"dev": true,
			"dependencies": {
				"fill-range": "^7.0.1"
			},
			"engines": {
				"node": ">=8"
			}
		},
		"node_modules/chokidar": {
			"version": "3.5.3",
			"resolved": "https://registry.npmjs.org/chokidar/-/chokidar-3.5.3.tgz",
			"integrity": "sha512-Dr3sfKRP6oTcjf2JmUmFJfeVMvXBdegxB0iVQ5eb2V10uFJUCAS8OByZdVAyVb8xXNz3GjjTgj9kLWsZTqE6kw==",
			"dev": true,
			"funding": [
				{
					"type": "individual",
					"url": "https://paulmillr.com/funding/"
				}
			],
			"dependencies": {
				"anymatch": "~3.1.2",
				"braces": "~3.0.2",
				"glob-parent": "~5.1.2",
				"is-binary-path": "~2.1.0",
				"is-glob": "~4.0.1",
				"normalize-path": "~3.0.0",
				"readdirp": "~3.6.0"
			},
			"engines": {
				"node": ">= 8.10.0"
			},
			"optionalDependencies": {
				"fsevents": "~2.3.2"
			}
		},
		"node_modules/concat-map": {
			"version": "0.0.1",
			"resolved": "https://registry.npmjs.org/concat-map/-/concat-map-0.0.1.tgz",
			"integrity": "sha512-/Srv4dswyQNBfohGpz9o6Yb3Gz3SrUDqBH5rTuhGR7ahtlbYKnVxw2bCFMRljaA7EXHaXZ8wsHdodFvbkhKmqg==",
			"dev": true
		},
		"node_modules/debug": {
			"version": "3.2.7",
			"resolved": "https://registry.npmjs.org/debug/-/debug-3.2.7.tgz",
			"integrity": "sha512-CFjzYYAi4ThfiQvizrFQevTTXHtnCqWfe7x1AhgEscTz6ZbLbfoLRLPugTQyBth6f8ZERVUSyWHFD/7Wu4t1XQ==",
			"dev": true,
			"dependencies": {
				"ms": "^2.1.1"
			}
		},
		"node_modules/enhance-remix": {
			"resolved": "packages/enhance-remix",
			"link": true
		},
		"node_modules/enhance-remix-basic-example": {
			"resolved": "examples/basic",
			"link": true
		},
		"node_modules/enhance-remix-node": {
			"resolved": "packages/enhance-remix-node",
			"link": true
		},
		"node_modules/entities": {
			"version": "4.4.0",
			"resolved": "https://registry.npmjs.org/entities/-/entities-4.4.0.tgz",
			"integrity": "sha512-oYp7156SP8LkeGD0GF85ad1X9Ai79WtRsZ2gxJqtBuzH+98YUV6jkHEKlZkMbcrjJjIVJNIDP/3WL9wQkoPbWA==",
			"engines": {
				"node": ">=0.12"
			},
			"funding": {
				"url": "https://github.com/fb55/entities?sponsor=1"
			}
		},
		"node_modules/esprima": {
			"version": "4.0.1",
			"resolved": "https://registry.npmjs.org/esprima/-/esprima-4.0.1.tgz",
			"integrity": "sha512-eGuFFw7Upda+g4p+QHvnW0RyTX/SVeJBDM/gCtMARO0cLuT2HcEKnTPvhjV6aGeqrCB/sbNop0Kszm0jsaWU4A==",
			"bin": {
				"esparse": "bin/esparse.js",
				"esvalidate": "bin/esvalidate.js"
			},
			"engines": {
				"node": ">=4"
			}
		},
		"node_modules/fill-range": {
			"version": "7.0.1",
			"resolved": "https://registry.npmjs.org/fill-range/-/fill-range-7.0.1.tgz",
			"integrity": "sha512-qOo9F+dMUmC2Lcb4BbVvnKJxTPjCm+RRpe4gDuGrzkL7mEVl/djYSu2OdQ2Pa302N4oqkSg9ir6jaLWJ2USVpQ==",
			"dev": true,
			"dependencies": {
				"to-regex-range": "^5.0.1"
			},
			"engines": {
				"node": ">=8"
			}
		},
		"node_modules/front-matter": {
			"version": "4.0.2",
			"resolved": "https://registry.npmjs.org/front-matter/-/front-matter-4.0.2.tgz",
			"integrity": "sha512-I8ZuJ/qG92NWX8i5x1Y8qyj3vizhXS31OxjKDu3LKP+7/qBgfIKValiZIEwoVoJKUHlhWtYrktkxV1XsX+pPlg==",
			"dependencies": {
				"js-yaml": "^3.13.1"
			}
		},
		"node_modules/fsevents": {
			"version": "2.3.2",
			"resolved": "https://registry.npmjs.org/fsevents/-/fsevents-2.3.2.tgz",
			"integrity": "sha512-xiqMQR4xAeHTuB9uWm+fFRcIOgKBMiOBP+eXiyT7jsgVCq1bkVygt00oASowB7EdtpOHaaPgKt812P9ab+DDKA==",
			"dev": true,
			"hasInstallScript": true,
			"optional": true,
			"os": [
				"darwin"
			],
			"engines": {
				"node": "^8.16.0 || ^10.6.0 || >=11.0.0"
			}
		},
		"node_modules/glob-parent": {
			"version": "5.1.2",
			"resolved": "https://registry.npmjs.org/glob-parent/-/glob-parent-5.1.2.tgz",
			"integrity": "sha512-AOIgSQCepiJYwP3ARnGx+5VnTu2HBYdzbGP45eLw1vr3zB3vZLeyed1sC9hnbcOc9/SrMyM5RPQrkGz4aS9Zow==",
			"dev": true,
			"dependencies": {
				"is-glob": "^4.0.1"
			},
			"engines": {
				"node": ">= 6"
			}
		},
		"node_modules/has-flag": {
			"version": "3.0.0",
			"resolved": "https://registry.npmjs.org/has-flag/-/has-flag-3.0.0.tgz",
			"integrity": "sha512-sKJf1+ceQBr4SMkvQnBDNDtf4TXpVhVGateu0t918bl30FnbE2m4vNLX+VWe/dpjlb+HugGYzW7uQXH98HPEYw==",
			"dev": true,
			"engines": {
				"node": ">=4"
			}
		},
		"node_modules/ignore-by-default": {
			"version": "1.0.1",
			"resolved": "https://registry.npmjs.org/ignore-by-default/-/ignore-by-default-1.0.1.tgz",
			"integrity": "sha512-Ius2VYcGNk7T90CppJqcIkS5ooHUZyIQK+ClZfMfMNFEF9VSE73Fq+906u/CWu92x4gzZMWOwfFYckPObzdEbA==",
			"dev": true
		},
		"node_modules/is-binary-path": {
			"version": "2.1.0",
			"resolved": "https://registry.npmjs.org/is-binary-path/-/is-binary-path-2.1.0.tgz",
			"integrity": "sha512-ZMERYes6pDydyuGidse7OsHxtbI7WVeUEozgR/g7rd0xUimYNlvZRE/K2MgZTjWy725IfelLeVcEM97mmtRGXw==",
			"dev": true,
			"dependencies": {
				"binary-extensions": "^2.0.0"
			},
			"engines": {
				"node": ">=8"
			}
		},
		"node_modules/is-extglob": {
			"version": "2.1.1",
			"resolved": "https://registry.npmjs.org/is-extglob/-/is-extglob-2.1.1.tgz",
			"integrity": "sha512-SbKbANkN603Vi4jEZv49LeVJMn4yGwsbzZworEoyEiutsN3nJYdbO36zfhGJ6QEDpOZIFkDtnq5JRxmvl3jsoQ==",
			"dev": true,
			"engines": {
				"node": ">=0.10.0"
			}
		},
		"node_modules/is-glob": {
			"version": "4.0.3",
			"resolved": "https://registry.npmjs.org/is-glob/-/is-glob-4.0.3.tgz",
			"integrity": "sha512-xelSayHH36ZgE7ZWhli7pW34hNbNl8Ojv5KVmkJD4hBdD3th8Tfk9vYasLM+mXWOZhFkgZfxhLSnrwRr4elSSg==",
			"dev": true,
			"dependencies": {
				"is-extglob": "^2.1.1"
			},
			"engines": {
				"node": ">=0.10.0"
			}
		},
		"node_modules/is-number": {
			"version": "7.0.0",
			"resolved": "https://registry.npmjs.org/is-number/-/is-number-7.0.0.tgz",
			"integrity": "sha512-41Cifkg6e8TylSpdtTpeLVMqvSBEVzTttHvERD741+pnZ8ANv0004MRL43QKPDlK9cGvNp6NZWZUBlbGXYxxng==",
			"dev": true,
			"engines": {
				"node": ">=0.12.0"
			}
		},
		"node_modules/js-yaml": {
			"version": "3.14.1",
			"resolved": "https://registry.npmjs.org/js-yaml/-/js-yaml-3.14.1.tgz",
			"integrity": "sha512-okMH7OXXJ7YrN9Ok3/SXrnu4iX9yOk+25nqX4imS2npuvTYDmo/QEZoqwZkYaIDk3jVvBOTOIEgEhaLOynBS9g==",
			"dependencies": {
				"argparse": "^1.0.7",
				"esprima": "^4.0.0"
			},
			"bin": {
				"js-yaml": "bin/js-yaml.js"
			}
		},
		"node_modules/literally-html": {
			"version": "0.1.1",
			"resolved": "https://registry.npmjs.org/literally-html/-/literally-html-0.1.1.tgz",
			"integrity": "sha512-5m0devnv6aZp5PKtyiXCYZil0iOKvJY/nd4YgCjNGskhze26lV7BbGYVuyl/SG92Cl+LB0h8NIV1+PFiaIRNGA==",
			"dev": true,
			"dependencies": {
				"typescript-lit-html-plugin": "0.2.0"
			},
			"engines": {
				"vscode": "^1.15.0"
			}
		},
		"node_modules/literally-html/node_modules/typescript": {
			"version": "2.9.2",
			"resolved": "https://registry.npmjs.org/typescript/-/typescript-2.9.2.tgz",
			"integrity": "sha512-Gr4p6nFNaoufRIY4NMdpQRNmgxVIGMs4Fcu/ujdYk3nAZqk7supzBE9idmvfZIlH/Cuj//dvi+019qEue9lV0w==",
			"dev": true,
			"peer": true,
			"bin": {
				"tsc": "bin/tsc",
				"tsserver": "bin/tsserver"
			},
			"engines": {
				"node": ">=4.2.0"
			}
		},
		"node_modules/literally-html/node_modules/typescript-lit-html-plugin": {
			"version": "0.2.0",
			"resolved": "https://registry.npmjs.org/typescript-lit-html-plugin/-/typescript-lit-html-plugin-0.2.0.tgz",
			"integrity": "sha512-o3bhUh6duF39OAZZZSQlXOpwEST3Lxg1zC466pyB/lpCfK0vcpLovba0yZarMx11kzrIj++LC1+w3lWgYhO9Pg==",
			"dev": true,
			"dependencies": {
				"typescript-template-language-service-decorator": "^1.1.0",
				"vscode-html-languageservice": "^2.0.10",
				"vscode-languageserver-types": "^3.4.0"
			},
			"peerDependencies": {
				"typescript": "^2.3.0"
			}
		},
		"node_modules/marked": {
			"version": "4.1.1",
			"resolved": "https://registry.npmjs.org/marked/-/marked-4.1.1.tgz",
			"integrity": "sha512-0cNMnTcUJPxbA6uWmCmjWz4NJRe/0Xfk2NhXCUHjew9qJzFN20krFnsUe7QynwqOwa5m1fZ4UDg0ycKFVC0ccw==",
			"bin": {
				"marked": "bin/marked.js"
			},
			"engines": {
				"node": ">= 12"
			}
		},
		"node_modules/minimatch": {
			"version": "3.1.2",
			"resolved": "https://registry.npmjs.org/minimatch/-/minimatch-3.1.2.tgz",
			"integrity": "sha512-J7p63hRiAjw1NDEww1W7i37+ByIrOWO5XQQAzZ3VOcL0PNybwpfmV/N05zFAzwQ9USyEcX6t3UO+K5aqBQOIHw==",
			"dev": true,
			"dependencies": {
				"brace-expansion": "^1.1.7"
			},
			"engines": {
				"node": "*"
			}
		},
		"node_modules/ms": {
			"version": "2.1.3",
			"resolved": "https://registry.npmjs.org/ms/-/ms-2.1.3.tgz",
			"integrity": "sha512-6FlzubTLZG3J2a/NVCAleEhjzq5oxgHyaCU9yYXvcLsvoVaHJq/s5xXI6/XXP6tz7R9xAOtHnSO/tXtF3WRTlA==",
			"dev": true
		},
		"node_modules/nodemon": {
			"version": "2.0.20",
			"resolved": "https://registry.npmjs.org/nodemon/-/nodemon-2.0.20.tgz",
			"integrity": "sha512-Km2mWHKKY5GzRg6i1j5OxOHQtuvVsgskLfigG25yTtbyfRGn/GNvIbRyOf1PSCKJ2aT/58TiuUsuOU5UToVViw==",
			"dev": true,
			"dependencies": {
				"chokidar": "^3.5.2",
				"debug": "^3.2.7",
				"ignore-by-default": "^1.0.1",
				"minimatch": "^3.1.2",
				"pstree.remy": "^1.1.8",
				"semver": "^5.7.1",
				"simple-update-notifier": "^1.0.7",
				"supports-color": "^5.5.0",
				"touch": "^3.1.0",
				"undefsafe": "^2.0.5"
			},
			"bin": {
				"nodemon": "bin/nodemon.js"
			},
			"engines": {
				"node": ">=8.10.0"
			},
			"funding": {
				"type": "opencollective",
				"url": "https://opencollective.com/nodemon"
			}
		},
		"node_modules/nopt": {
			"version": "1.0.10",
			"resolved": "https://registry.npmjs.org/nopt/-/nopt-1.0.10.tgz",
			"integrity": "sha512-NWmpvLSqUrgrAC9HCuxEvb+PSloHpqVu+FqcO4eeF2h5qYRhA7ev6KvelyQAKtegUbC6RypJnlEOhd8vloNKYg==",
			"dev": true,
			"dependencies": {
				"abbrev": "1"
			},
			"bin": {
				"nopt": "bin/nopt.js"
			},
			"engines": {
				"node": "*"
			}
		},
		"node_modules/normalize-path": {
			"version": "3.0.0",
			"resolved": "https://registry.npmjs.org/normalize-path/-/normalize-path-3.0.0.tgz",
			"integrity": "sha512-6eZs5Ls3WtCisHWp9S2GUy8dqkpGi4BVSz3GaqiE6ezub0512ESztXUwUB6C6IKbQkY2Pnb/mD4WYojCRwcwLA==",
			"dev": true,
			"engines": {
				"node": ">=0.10.0"
			}
		},
		"node_modules/parse5": {
			"version": "7.1.1",
			"resolved": "https://registry.npmjs.org/parse5/-/parse5-7.1.1.tgz",
			"integrity": "sha512-kwpuwzB+px5WUg9pyK0IcK/shltJN5/OVhQagxhCQNtT9Y9QRZqNY2e1cmbu/paRh5LMnz/oVTVLBpjFmMZhSg==",
			"dependencies": {
				"entities": "^4.4.0"
			},
			"funding": {
				"url": "https://github.com/inikulin/parse5?sponsor=1"
			}
		},
		"node_modules/picomatch": {
			"version": "2.3.1",
			"resolved": "https://registry.npmjs.org/picomatch/-/picomatch-2.3.1.tgz",
			"integrity": "sha512-JU3teHTNjmE2VCGFzuY8EXzCDVwEqB2a8fsIvwaStHhAWJEeVd1o1QD80CU6+ZdEXXSLbSsuLwJjkCBWqRQUVA==",
			"dev": true,
			"engines": {
				"node": ">=8.6"
			},
			"funding": {
				"url": "https://github.com/sponsors/jonschlinkert"
			}
		},
		"node_modules/pstree.remy": {
			"version": "1.1.8",
			"resolved": "https://registry.npmjs.org/pstree.remy/-/pstree.remy-1.1.8.tgz",
			"integrity": "sha512-77DZwxQmxKnu3aR542U+X8FypNzbfJ+C5XQDk3uWjWxn6151aIMGthWYRXTqT1E5oJvg+ljaa2OJi+VfvCOQ8w==",
			"dev": true
		},
		"node_modules/readdirp": {
			"version": "3.6.0",
			"resolved": "https://registry.npmjs.org/readdirp/-/readdirp-3.6.0.tgz",
			"integrity": "sha512-hOS089on8RduqdbhvQ5Z37A0ESjsqz6qnRcffsMU3495FuTdqSm+7bhJ29JvIOsBDEEnan5DPu9t3To9VRlMzA==",
			"dev": true,
			"dependencies": {
				"picomatch": "^2.2.1"
			},
			"engines": {
				"node": ">=8.10.0"
			}
		},
		"node_modules/semver": {
			"version": "5.7.1",
			"resolved": "https://registry.npmjs.org/semver/-/semver-5.7.1.tgz",
			"integrity": "sha512-sauaDf/PZdVgrLTNYHRtpXa1iRiKcaebiKQ1BJdpQlWH2lCvexQdX55snPFyK7QzpudqbCI0qXFfOasHdyNDGQ==",
			"dev": true,
			"bin": {
				"semver": "bin/semver"
			}
		},
		"node_modules/simple-update-notifier": {
			"version": "1.0.7",
			"resolved": "https://registry.npmjs.org/simple-update-notifier/-/simple-update-notifier-1.0.7.tgz",
			"integrity": "sha512-BBKgR84BJQJm6WjWFMHgLVuo61FBDSj1z/xSFUIozqO6wO7ii0JxCqlIud7Enr/+LhlbNI0whErq96P2qHNWew==",
			"dev": true,
			"dependencies": {
				"semver": "~7.0.0"
			},
			"engines": {
				"node": ">=8.10.0"
			}
		},
		"node_modules/simple-update-notifier/node_modules/semver": {
			"version": "7.0.0",
			"resolved": "https://registry.npmjs.org/semver/-/semver-7.0.0.tgz",
			"integrity": "sha512-+GB6zVA9LWh6zovYQLALHwv5rb2PHGlJi3lfiqIHxR0uuwCgefcOJc59v9fv1w8GbStwxuuqqAjI9NMAOOgq1A==",
			"dev": true,
			"bin": {
				"semver": "bin/semver.js"
			}
		},
		"node_modules/sprintf-js": {
			"version": "1.0.3",
			"resolved": "https://registry.npmjs.org/sprintf-js/-/sprintf-js-1.0.3.tgz",
			"integrity": "sha512-D9cPgkvLlV3t3IzL0D0YLvGA9Ahk4PcvVwUbN0dSGr1aP0Nrt4AEnTUbuGvquEC0mA64Gqt1fzirlRs5ibXx8g=="
		},
		"node_modules/supports-color": {
			"version": "5.5.0",
			"resolved": "https://registry.npmjs.org/supports-color/-/supports-color-5.5.0.tgz",
			"integrity": "sha512-QjVjwdXIt408MIiAqCX4oUKsgU2EqAGzs2Ppkm4aQYbjm+ZEWEcW4SfFNTr4uMNZma0ey4f5lgLrkB0aX0QMow==",
			"dev": true,
			"dependencies": {
				"has-flag": "^3.0.0"
			},
			"engines": {
				"node": ">=4"
			}
		},
		"node_modules/to-regex-range": {
			"version": "5.0.1",
			"resolved": "https://registry.npmjs.org/to-regex-range/-/to-regex-range-5.0.1.tgz",
			"integrity": "sha512-65P7iz6X5yEr1cwcgvQxbbIw7Uk3gOy5dIdtZ4rDveLqhrdJP+Li/Hx6tyK0NEb+2GCyneCMJiGqrADCSNk8sQ==",
			"dev": true,
			"dependencies": {
				"is-number": "^7.0.0"
			},
			"engines": {
				"node": ">=8.0"
			}
		},
		"node_modules/touch": {
			"version": "3.1.0",
			"resolved": "https://registry.npmjs.org/touch/-/touch-3.1.0.tgz",
			"integrity": "sha512-WBx8Uy5TLtOSRtIq+M03/sKDrXCLHxwDcquSP2c43Le03/9serjQBIztjRz6FkJez9D/hleyAXTBGLwwZUw9lA==",
			"dev": true,
			"dependencies": {
				"nopt": "~1.0.10"
			},
			"bin": {
				"nodetouch": "bin/nodetouch.js"
			}
		},
		"node_modules/typescript-template-language-service-decorator": {
			"version": "1.7.1",
			"resolved": "https://registry.npmjs.org/typescript-template-language-service-decorator/-/typescript-template-language-service-decorator-1.7.1.tgz",
			"integrity": "sha512-Gk0WBNe73T87lpiSj37Xmwzvt5zkKaHT1chY5+v2KP4uhpHktqIcV1hMpxmzAong38EIEhGZWeKtxjxGmTMbqg==",
			"dev": true
		},
		"node_modules/undefsafe": {
			"version": "2.0.5",
			"resolved": "https://registry.npmjs.org/undefsafe/-/undefsafe-2.0.5.tgz",
			"integrity": "sha512-WxONCrssBM8TSPRqN5EmsjVrsv4A8X12J4ArBiiayv3DyyG3ZlIg6yysuuSYdZsVz3TKcTg2fd//Ujd4CHV1iA==",
			"dev": true
		},
		"node_modules/vscode-html-languageservice": {
			"version": "2.1.12",
			"resolved": "https://registry.npmjs.org/vscode-html-languageservice/-/vscode-html-languageservice-2.1.12.tgz",
			"integrity": "sha512-mIb5VMXM5jI97HzCk2eadI1K//rCEZXte0wBqA7PGXsyJH4KTyJUaYk9MR+mbfpUl2vMi3HZw9GUOLGYLc6l5w==",
			"dev": true,
			"dependencies": {
				"vscode-languageserver-types": "^3.13.0",
				"vscode-nls": "^4.0.0",
				"vscode-uri": "^1.0.6"
			}
		},
		"node_modules/vscode-languageserver-types": {
			"version": "3.17.2",
			"resolved": "https://registry.npmjs.org/vscode-languageserver-types/-/vscode-languageserver-types-3.17.2.tgz",
			"integrity": "sha512-zHhCWatviizPIq9B7Vh9uvrH6x3sK8itC84HkamnBWoDFJtzBf7SWlpLCZUit72b3os45h6RWQNC9xHRDF8dRA==",
			"dev": true
		},
		"node_modules/vscode-nls": {
			"version": "4.1.2",
			"resolved": "https://registry.npmjs.org/vscode-nls/-/vscode-nls-4.1.2.tgz",
			"integrity": "sha512-7bOHxPsfyuCqmP+hZXscLhiHwe7CSuFE4hyhbs22xPIhQ4jv99FcR4eBzfYYVLP356HNFpdvz63FFb/xw6T4Iw==",
			"dev": true
		},
		"node_modules/vscode-uri": {
			"version": "1.0.8",
			"resolved": "https://registry.npmjs.org/vscode-uri/-/vscode-uri-1.0.8.tgz",
			"integrity": "sha512-obtSWTlbJ+a+TFRYGaUumtVwb+InIUVI0Lu0VBUAPmj2cU5JutEXg3xUE0c2J5Tcy7h2DEKVJBFi+Y9ZSFzzPQ==",
			"dev": true
		},
		"packages/enhance-remix": {
			"version": "0.0.1",
			"dependencies": {
				"@enhance/ssr": "3.0.9"
			},
			"devDependencies": {
				"@enhance/types": "0.4.0",
				"literally-html": "0.1.1"
			}
		},
		"packages/enhance-remix-node": {
			"version": "0.0.1",
			"dependencies": {
				"@remix-run/router": "1.0.2",
				"enhance-remix": "0.0.1"
			},
			"devDependencies": {
				"@enhance/types": "0.4.0"
			}
		}
	},
	"dependencies": {
		"@begin/parse5": {
			"version": "0.0.4",
			"resolved": "https://registry.npmjs.org/@begin/parse5/-/parse5-0.0.4.tgz",
			"integrity": "sha512-1H5S1AcFqpQfBMG0z4z7URFb5jWCrILIH9MkXSmTsyYd4hj4kgJnpXHGELJE9HnXH1maI/WfHi5j+udDVkvZ9g==",
			"requires": {
				"parse5": "^7.0.0"
			}
		},
		"@enhance/ssr": {
			"version": "3.0.9",
			"resolved": "https://registry.npmjs.org/@enhance/ssr/-/ssr-3.0.9.tgz",
			"integrity": "sha512-M0Rv9c0m5HTAUwk/PSNrmjKuxA3aVi1AS70HPFFm9O0BRggDnYZH/uSFBmulQX+7LzvUH9QpHumkxIs3QNFvfA==",
			"requires": {
				"@begin/parse5": "^0.0.4"
			}
		},
		"@enhance/types": {
			"version": "0.4.0",
			"resolved": "https://registry.npmjs.org/@enhance/types/-/types-0.4.0.tgz",
			"integrity": "sha512-VnnvItvvz3ylZJYsXEG3Cns6D7etSE6/viMSXV91TLSve3T3nn6V5WRB7Coyll/OAP60YHaC0mlbp1728qOJhA==",
			"dev": true
		},
		"@remix-run/router": {
			"version": "1.0.2",
			"resolved": "https://registry.npmjs.org/@remix-run/router/-/router-1.0.2.tgz",
			"integrity": "sha512-GRSOFhJzjGN+d4sKHTMSvNeUPoZiDHWmRnXfzaxrqe7dE/Nzlc8BiMSJdLDESZlndM7jIUrZ/F4yWqVYlI0rwQ=="
		},
		"@types/marked": {
			"version": "4.0.7",
			"resolved": "https://registry.npmjs.org/@types/marked/-/marked-4.0.7.tgz",
			"integrity": "sha512-eEAhnz21CwvKVW+YvRvcTuFKNU9CV1qH+opcgVK3pIMI6YZzDm6gc8o2vHjldFk6MGKt5pueSB7IOpvpx5Qekw==",
			"dev": true
		},
		"@types/node": {
			"version": "18.8.4",
			"resolved": "https://registry.npmjs.org/@types/node/-/node-18.8.4.tgz",
			"integrity": "sha512-WdlVphvfR/GJCLEMbNA8lJ0lhFNBj4SW3O+O5/cEGw9oYrv0al9zTwuQsq+myDUXgNx2jgBynoVgZ2MMJ6pbow==",
			"dev": true
		},
		"abbrev": {
			"version": "1.1.1",
			"resolved": "https://registry.npmjs.org/abbrev/-/abbrev-1.1.1.tgz",
			"integrity": "sha512-nne9/IiQ/hzIhY6pdDnbBtz7DjPTKrY00P/zvPSm5pOFkl6xuGrGnXn/VtTNNfNtAfZ9/1RtehkszU9qcTii0Q==",
			"dev": true
		},
		"anymatch": {
			"version": "3.1.2",
			"resolved": "https://registry.npmjs.org/anymatch/-/anymatch-3.1.2.tgz",
			"integrity": "sha512-P43ePfOAIupkguHUycrc4qJ9kz8ZiuOUijaETwX7THt0Y/GNK7v0aa8rY816xWjZ7rJdA5XdMcpVFTKMq+RvWg==",
			"dev": true,
			"requires": {
				"normalize-path": "^3.0.0",
				"picomatch": "^2.0.4"
			}
		},
		"argparse": {
			"version": "1.0.10",
			"resolved": "https://registry.npmjs.org/argparse/-/argparse-1.0.10.tgz",
			"integrity": "sha512-o5Roy6tNG4SL/FOkCAN6RzjiakZS25RLYFrcMttJqbdd8BWrnA+fGz57iN5Pb06pvBGvl5gQ0B48dJlslXvoTg==",
			"requires": {
				"sprintf-js": "~1.0.2"
			}
		},
		"balanced-match": {
			"version": "1.0.2",
			"resolved": "https://registry.npmjs.org/balanced-match/-/balanced-match-1.0.2.tgz",
			"integrity": "sha512-3oSeUO0TMV67hN1AmbXsK4yaqU7tjiHlbxRDZOpH0KW9+CeX4bRAaX0Anxt0tx2MrpRpWwQaPwIlISEJhYU5Pw==",
			"dev": true
		},
		"binary-extensions": {
			"version": "2.2.0",
			"resolved": "https://registry.npmjs.org/binary-extensions/-/binary-extensions-2.2.0.tgz",
			"integrity": "sha512-jDctJ/IVQbZoJykoeHbhXpOlNBqGNcwXJKJog42E5HDPUwQTSdjCHdihjj0DlnheQ7blbT6dHOafNAiS8ooQKA==",
			"dev": true
		},
		"brace-expansion": {
			"version": "1.1.11",
			"resolved": "https://registry.npmjs.org/brace-expansion/-/brace-expansion-1.1.11.tgz",
			"integrity": "sha512-iCuPHDFgrHX7H2vEI/5xpz07zSHB00TpugqhmYtVmMO6518mCuRMoOYFldEBl0g187ufozdaHgWKcYFb61qGiA==",
			"dev": true,
			"requires": {
				"balanced-match": "^1.0.0",
				"concat-map": "0.0.1"
			}
		},
		"braces": {
			"version": "3.0.2",
			"resolved": "https://registry.npmjs.org/braces/-/braces-3.0.2.tgz",
			"integrity": "sha512-b8um+L1RzM3WDSzvhm6gIz1yfTbBt6YTlcEKAvsmqCZZFw46z626lVj9j1yEPW33H5H+lBQpZMP1k8l+78Ha0A==",
			"dev": true,
			"requires": {
				"fill-range": "^7.0.1"
			}
		},
		"chokidar": {
			"version": "3.5.3",
			"resolved": "https://registry.npmjs.org/chokidar/-/chokidar-3.5.3.tgz",
			"integrity": "sha512-Dr3sfKRP6oTcjf2JmUmFJfeVMvXBdegxB0iVQ5eb2V10uFJUCAS8OByZdVAyVb8xXNz3GjjTgj9kLWsZTqE6kw==",
			"dev": true,
			"requires": {
				"anymatch": "~3.1.2",
				"braces": "~3.0.2",
				"fsevents": "~2.3.2",
				"glob-parent": "~5.1.2",
				"is-binary-path": "~2.1.0",
				"is-glob": "~4.0.1",
				"normalize-path": "~3.0.0",
				"readdirp": "~3.6.0"
			}
		},
		"concat-map": {
			"version": "0.0.1",
			"resolved": "https://registry.npmjs.org/concat-map/-/concat-map-0.0.1.tgz",
			"integrity": "sha512-/Srv4dswyQNBfohGpz9o6Yb3Gz3SrUDqBH5rTuhGR7ahtlbYKnVxw2bCFMRljaA7EXHaXZ8wsHdodFvbkhKmqg==",
			"dev": true
		},
		"debug": {
			"version": "3.2.7",
			"resolved": "https://registry.npmjs.org/debug/-/debug-3.2.7.tgz",
			"integrity": "sha512-CFjzYYAi4ThfiQvizrFQevTTXHtnCqWfe7x1AhgEscTz6ZbLbfoLRLPugTQyBth6f8ZERVUSyWHFD/7Wu4t1XQ==",
			"dev": true,
			"requires": {
				"ms": "^2.1.1"
			}
		},
		"enhance-remix": {
			"version": "file:packages/enhance-remix",
			"requires": {
				"@enhance/ssr": "3.0.9",
				"@enhance/types": "0.4.0",
				"literally-html": "0.1.1"
			}
		},
		"enhance-remix-basic-example": {
			"version": "file:examples/basic",
			"requires": {
				"@enhance/types": "0.4.0",
				"@types/marked": "4.0.7",
				"@types/node": "18.8.4",
				"enhance-remix": "0.0.1",
				"enhance-remix-node": "0.0.1",
				"front-matter": "4.0.2",
				"literally-html": "0.1.1",
				"marked": "4.1.1",
				"nodemon": "2.0.20"
			}
		},
		"enhance-remix-node": {
			"version": "file:packages/enhance-remix-node",
			"requires": {
				"@enhance/types": "0.4.0",
				"@remix-run/router": "1.0.2",
				"enhance-remix": "0.0.1"
			}
		},
		"entities": {
			"version": "4.4.0",
			"resolved": "https://registry.npmjs.org/entities/-/entities-4.4.0.tgz",
			"integrity": "sha512-oYp7156SP8LkeGD0GF85ad1X9Ai79WtRsZ2gxJqtBuzH+98YUV6jkHEKlZkMbcrjJjIVJNIDP/3WL9wQkoPbWA=="
		},
		"esprima": {
			"version": "4.0.1",
			"resolved": "https://registry.npmjs.org/esprima/-/esprima-4.0.1.tgz",
			"integrity": "sha512-eGuFFw7Upda+g4p+QHvnW0RyTX/SVeJBDM/gCtMARO0cLuT2HcEKnTPvhjV6aGeqrCB/sbNop0Kszm0jsaWU4A=="
		},
		"fill-range": {
			"version": "7.0.1",
			"resolved": "https://registry.npmjs.org/fill-range/-/fill-range-7.0.1.tgz",
			"integrity": "sha512-qOo9F+dMUmC2Lcb4BbVvnKJxTPjCm+RRpe4gDuGrzkL7mEVl/djYSu2OdQ2Pa302N4oqkSg9ir6jaLWJ2USVpQ==",
			"dev": true,
			"requires": {
				"to-regex-range": "^5.0.1"
			}
		},
		"front-matter": {
			"version": "4.0.2",
			"resolved": "https://registry.npmjs.org/front-matter/-/front-matter-4.0.2.tgz",
			"integrity": "sha512-I8ZuJ/qG92NWX8i5x1Y8qyj3vizhXS31OxjKDu3LKP+7/qBgfIKValiZIEwoVoJKUHlhWtYrktkxV1XsX+pPlg==",
			"requires": {
				"js-yaml": "^3.13.1"
			}
		},
		"fsevents": {
			"version": "2.3.2",
			"resolved": "https://registry.npmjs.org/fsevents/-/fsevents-2.3.2.tgz",
			"integrity": "sha512-xiqMQR4xAeHTuB9uWm+fFRcIOgKBMiOBP+eXiyT7jsgVCq1bkVygt00oASowB7EdtpOHaaPgKt812P9ab+DDKA==",
			"dev": true,
			"optional": true
		},
		"glob-parent": {
			"version": "5.1.2",
			"resolved": "https://registry.npmjs.org/glob-parent/-/glob-parent-5.1.2.tgz",
			"integrity": "sha512-AOIgSQCepiJYwP3ARnGx+5VnTu2HBYdzbGP45eLw1vr3zB3vZLeyed1sC9hnbcOc9/SrMyM5RPQrkGz4aS9Zow==",
			"dev": true,
			"requires": {
				"is-glob": "^4.0.1"
			}
		},
		"has-flag": {
			"version": "3.0.0",
			"resolved": "https://registry.npmjs.org/has-flag/-/has-flag-3.0.0.tgz",
			"integrity": "sha512-sKJf1+ceQBr4SMkvQnBDNDtf4TXpVhVGateu0t918bl30FnbE2m4vNLX+VWe/dpjlb+HugGYzW7uQXH98HPEYw==",
			"dev": true
		},
		"ignore-by-default": {
			"version": "1.0.1",
			"resolved": "https://registry.npmjs.org/ignore-by-default/-/ignore-by-default-1.0.1.tgz",
			"integrity": "sha512-Ius2VYcGNk7T90CppJqcIkS5ooHUZyIQK+ClZfMfMNFEF9VSE73Fq+906u/CWu92x4gzZMWOwfFYckPObzdEbA==",
			"dev": true
		},
		"is-binary-path": {
			"version": "2.1.0",
			"resolved": "https://registry.npmjs.org/is-binary-path/-/is-binary-path-2.1.0.tgz",
			"integrity": "sha512-ZMERYes6pDydyuGidse7OsHxtbI7WVeUEozgR/g7rd0xUimYNlvZRE/K2MgZTjWy725IfelLeVcEM97mmtRGXw==",
			"dev": true,
			"requires": {
				"binary-extensions": "^2.0.0"
			}
		},
		"is-extglob": {
			"version": "2.1.1",
			"resolved": "https://registry.npmjs.org/is-extglob/-/is-extglob-2.1.1.tgz",
			"integrity": "sha512-SbKbANkN603Vi4jEZv49LeVJMn4yGwsbzZworEoyEiutsN3nJYdbO36zfhGJ6QEDpOZIFkDtnq5JRxmvl3jsoQ==",
			"dev": true
		},
		"is-glob": {
			"version": "4.0.3",
			"resolved": "https://registry.npmjs.org/is-glob/-/is-glob-4.0.3.tgz",
			"integrity": "sha512-xelSayHH36ZgE7ZWhli7pW34hNbNl8Ojv5KVmkJD4hBdD3th8Tfk9vYasLM+mXWOZhFkgZfxhLSnrwRr4elSSg==",
			"dev": true,
			"requires": {
				"is-extglob": "^2.1.1"
			}
		},
		"is-number": {
			"version": "7.0.0",
			"resolved": "https://registry.npmjs.org/is-number/-/is-number-7.0.0.tgz",
			"integrity": "sha512-41Cifkg6e8TylSpdtTpeLVMqvSBEVzTttHvERD741+pnZ8ANv0004MRL43QKPDlK9cGvNp6NZWZUBlbGXYxxng==",
			"dev": true
		},
		"js-yaml": {
			"version": "3.14.1",
			"resolved": "https://registry.npmjs.org/js-yaml/-/js-yaml-3.14.1.tgz",
			"integrity": "sha512-okMH7OXXJ7YrN9Ok3/SXrnu4iX9yOk+25nqX4imS2npuvTYDmo/QEZoqwZkYaIDk3jVvBOTOIEgEhaLOynBS9g==",
			"requires": {
				"argparse": "^1.0.7",
				"esprima": "^4.0.0"
			}
		},
		"literally-html": {
			"version": "0.1.1",
			"resolved": "https://registry.npmjs.org/literally-html/-/literally-html-0.1.1.tgz",
			"integrity": "sha512-5m0devnv6aZp5PKtyiXCYZil0iOKvJY/nd4YgCjNGskhze26lV7BbGYVuyl/SG92Cl+LB0h8NIV1+PFiaIRNGA==",
			"dev": true,
			"requires": {
				"typescript-lit-html-plugin": "0.2.0"
			},
			"dependencies": {
				"typescript": {
					"version": "2.9.2",
					"resolved": "https://registry.npmjs.org/typescript/-/typescript-2.9.2.tgz",
					"integrity": "sha512-Gr4p6nFNaoufRIY4NMdpQRNmgxVIGMs4Fcu/ujdYk3nAZqk7supzBE9idmvfZIlH/Cuj//dvi+019qEue9lV0w==",
					"dev": true,
					"peer": true
				},
				"typescript-lit-html-plugin": {
					"version": "0.2.0",
					"resolved": "https://registry.npmjs.org/typescript-lit-html-plugin/-/typescript-lit-html-plugin-0.2.0.tgz",
					"integrity": "sha512-o3bhUh6duF39OAZZZSQlXOpwEST3Lxg1zC466pyB/lpCfK0vcpLovba0yZarMx11kzrIj++LC1+w3lWgYhO9Pg==",
					"dev": true,
					"requires": {
						"typescript-template-language-service-decorator": "^1.1.0",
						"vscode-html-languageservice": "^2.0.10",
						"vscode-languageserver-types": "^3.4.0"
					}
				}
			}
		},
		"marked": {
			"version": "4.1.1",
			"resolved": "https://registry.npmjs.org/marked/-/marked-4.1.1.tgz",
			"integrity": "sha512-0cNMnTcUJPxbA6uWmCmjWz4NJRe/0Xfk2NhXCUHjew9qJzFN20krFnsUe7QynwqOwa5m1fZ4UDg0ycKFVC0ccw=="
		},
		"minimatch": {
			"version": "3.1.2",
			"resolved": "https://registry.npmjs.org/minimatch/-/minimatch-3.1.2.tgz",
			"integrity": "sha512-J7p63hRiAjw1NDEww1W7i37+ByIrOWO5XQQAzZ3VOcL0PNybwpfmV/N05zFAzwQ9USyEcX6t3UO+K5aqBQOIHw==",
			"dev": true,
			"requires": {
				"brace-expansion": "^1.1.7"
			}
		},
		"ms": {
			"version": "2.1.3",
			"resolved": "https://registry.npmjs.org/ms/-/ms-2.1.3.tgz",
			"integrity": "sha512-6FlzubTLZG3J2a/NVCAleEhjzq5oxgHyaCU9yYXvcLsvoVaHJq/s5xXI6/XXP6tz7R9xAOtHnSO/tXtF3WRTlA==",
			"dev": true
		},
		"nodemon": {
			"version": "2.0.20",
			"resolved": "https://registry.npmjs.org/nodemon/-/nodemon-2.0.20.tgz",
			"integrity": "sha512-Km2mWHKKY5GzRg6i1j5OxOHQtuvVsgskLfigG25yTtbyfRGn/GNvIbRyOf1PSCKJ2aT/58TiuUsuOU5UToVViw==",
			"dev": true,
			"requires": {
				"chokidar": "^3.5.2",
				"debug": "^3.2.7",
				"ignore-by-default": "^1.0.1",
				"minimatch": "^3.1.2",
				"pstree.remy": "^1.1.8",
				"semver": "^5.7.1",
				"simple-update-notifier": "^1.0.7",
				"supports-color": "^5.5.0",
				"touch": "^3.1.0",
				"undefsafe": "^2.0.5"
			}
		},
		"nopt": {
			"version": "1.0.10",
			"resolved": "https://registry.npmjs.org/nopt/-/nopt-1.0.10.tgz",
			"integrity": "sha512-NWmpvLSqUrgrAC9HCuxEvb+PSloHpqVu+FqcO4eeF2h5qYRhA7ev6KvelyQAKtegUbC6RypJnlEOhd8vloNKYg==",
			"dev": true,
			"requires": {
				"abbrev": "1"
			}
		},
		"normalize-path": {
			"version": "3.0.0",
			"resolved": "https://registry.npmjs.org/normalize-path/-/normalize-path-3.0.0.tgz",
			"integrity": "sha512-6eZs5Ls3WtCisHWp9S2GUy8dqkpGi4BVSz3GaqiE6ezub0512ESztXUwUB6C6IKbQkY2Pnb/mD4WYojCRwcwLA==",
			"dev": true
		},
		"parse5": {
			"version": "7.1.1",
			"resolved": "https://registry.npmjs.org/parse5/-/parse5-7.1.1.tgz",
			"integrity": "sha512-kwpuwzB+px5WUg9pyK0IcK/shltJN5/OVhQagxhCQNtT9Y9QRZqNY2e1cmbu/paRh5LMnz/oVTVLBpjFmMZhSg==",
			"requires": {
				"entities": "^4.4.0"
			}
		},
		"picomatch": {
			"version": "2.3.1",
			"resolved": "https://registry.npmjs.org/picomatch/-/picomatch-2.3.1.tgz",
			"integrity": "sha512-JU3teHTNjmE2VCGFzuY8EXzCDVwEqB2a8fsIvwaStHhAWJEeVd1o1QD80CU6+ZdEXXSLbSsuLwJjkCBWqRQUVA==",
			"dev": true
		},
		"pstree.remy": {
			"version": "1.1.8",
			"resolved": "https://registry.npmjs.org/pstree.remy/-/pstree.remy-1.1.8.tgz",
			"integrity": "sha512-77DZwxQmxKnu3aR542U+X8FypNzbfJ+C5XQDk3uWjWxn6151aIMGthWYRXTqT1E5oJvg+ljaa2OJi+VfvCOQ8w==",
			"dev": true
		},
		"readdirp": {
			"version": "3.6.0",
			"resolved": "https://registry.npmjs.org/readdirp/-/readdirp-3.6.0.tgz",
			"integrity": "sha512-hOS089on8RduqdbhvQ5Z37A0ESjsqz6qnRcffsMU3495FuTdqSm+7bhJ29JvIOsBDEEnan5DPu9t3To9VRlMzA==",
			"dev": true,
			"requires": {
				"picomatch": "^2.2.1"
			}
		},
		"semver": {
			"version": "5.7.1",
			"resolved": "https://registry.npmjs.org/semver/-/semver-5.7.1.tgz",
			"integrity": "sha512-sauaDf/PZdVgrLTNYHRtpXa1iRiKcaebiKQ1BJdpQlWH2lCvexQdX55snPFyK7QzpudqbCI0qXFfOasHdyNDGQ==",
			"dev": true
		},
		"simple-update-notifier": {
			"version": "1.0.7",
			"resolved": "https://registry.npmjs.org/simple-update-notifier/-/simple-update-notifier-1.0.7.tgz",
			"integrity": "sha512-BBKgR84BJQJm6WjWFMHgLVuo61FBDSj1z/xSFUIozqO6wO7ii0JxCqlIud7Enr/+LhlbNI0whErq96P2qHNWew==",
			"dev": true,
			"requires": {
				"semver": "~7.0.0"
			},
			"dependencies": {
				"semver": {
					"version": "7.0.0",
					"resolved": "https://registry.npmjs.org/semver/-/semver-7.0.0.tgz",
					"integrity": "sha512-+GB6zVA9LWh6zovYQLALHwv5rb2PHGlJi3lfiqIHxR0uuwCgefcOJc59v9fv1w8GbStwxuuqqAjI9NMAOOgq1A==",
					"dev": true
				}
			}
		},
		"sprintf-js": {
			"version": "1.0.3",
			"resolved": "https://registry.npmjs.org/sprintf-js/-/sprintf-js-1.0.3.tgz",
			"integrity": "sha512-D9cPgkvLlV3t3IzL0D0YLvGA9Ahk4PcvVwUbN0dSGr1aP0Nrt4AEnTUbuGvquEC0mA64Gqt1fzirlRs5ibXx8g=="
		},
		"supports-color": {
			"version": "5.5.0",
			"resolved": "https://registry.npmjs.org/supports-color/-/supports-color-5.5.0.tgz",
			"integrity": "sha512-QjVjwdXIt408MIiAqCX4oUKsgU2EqAGzs2Ppkm4aQYbjm+ZEWEcW4SfFNTr4uMNZma0ey4f5lgLrkB0aX0QMow==",
			"dev": true,
			"requires": {
				"has-flag": "^3.0.0"
			}
		},
		"to-regex-range": {
			"version": "5.0.1",
			"resolved": "https://registry.npmjs.org/to-regex-range/-/to-regex-range-5.0.1.tgz",
			"integrity": "sha512-65P7iz6X5yEr1cwcgvQxbbIw7Uk3gOy5dIdtZ4rDveLqhrdJP+Li/Hx6tyK0NEb+2GCyneCMJiGqrADCSNk8sQ==",
			"dev": true,
			"requires": {
				"is-number": "^7.0.0"
			}
		},
		"touch": {
			"version": "3.1.0",
			"resolved": "https://registry.npmjs.org/touch/-/touch-3.1.0.tgz",
			"integrity": "sha512-WBx8Uy5TLtOSRtIq+M03/sKDrXCLHxwDcquSP2c43Le03/9serjQBIztjRz6FkJez9D/hleyAXTBGLwwZUw9lA==",
			"dev": true,
			"requires": {
				"nopt": "~1.0.10"
			}
		},
		"typescript-template-language-service-decorator": {
			"version": "1.7.1",
			"resolved": "https://registry.npmjs.org/typescript-template-language-service-decorator/-/typescript-template-language-service-decorator-1.7.1.tgz",
			"integrity": "sha512-Gk0WBNe73T87lpiSj37Xmwzvt5zkKaHT1chY5+v2KP4uhpHktqIcV1hMpxmzAong38EIEhGZWeKtxjxGmTMbqg==",
			"dev": true
		},
		"undefsafe": {
			"version": "2.0.5",
			"resolved": "https://registry.npmjs.org/undefsafe/-/undefsafe-2.0.5.tgz",
			"integrity": "sha512-WxONCrssBM8TSPRqN5EmsjVrsv4A8X12J4ArBiiayv3DyyG3ZlIg6yysuuSYdZsVz3TKcTg2fd//Ujd4CHV1iA==",
			"dev": true
		},
		"vscode-html-languageservice": {
			"version": "2.1.12",
			"resolved": "https://registry.npmjs.org/vscode-html-languageservice/-/vscode-html-languageservice-2.1.12.tgz",
			"integrity": "sha512-mIb5VMXM5jI97HzCk2eadI1K//rCEZXte0wBqA7PGXsyJH4KTyJUaYk9MR+mbfpUl2vMi3HZw9GUOLGYLc6l5w==",
			"dev": true,
			"requires": {
				"vscode-languageserver-types": "^3.13.0",
				"vscode-nls": "^4.0.0",
				"vscode-uri": "^1.0.6"
			}
		},
		"vscode-languageserver-types": {
			"version": "3.17.2",
			"resolved": "https://registry.npmjs.org/vscode-languageserver-types/-/vscode-languageserver-types-3.17.2.tgz",
			"integrity": "sha512-zHhCWatviizPIq9B7Vh9uvrH6x3sK8itC84HkamnBWoDFJtzBf7SWlpLCZUit72b3os45h6RWQNC9xHRDF8dRA==",
			"dev": true
		},
		"vscode-nls": {
			"version": "4.1.2",
			"resolved": "https://registry.npmjs.org/vscode-nls/-/vscode-nls-4.1.2.tgz",
			"integrity": "sha512-7bOHxPsfyuCqmP+hZXscLhiHwe7CSuFE4hyhbs22xPIhQ4jv99FcR4eBzfYYVLP356HNFpdvz63FFb/xw6T4Iw==",
			"dev": true
		},
		"vscode-uri": {
			"version": "1.0.8",
			"resolved": "https://registry.npmjs.org/vscode-uri/-/vscode-uri-1.0.8.tgz",
			"integrity": "sha512-obtSWTlbJ+a+TFRYGaUumtVwb+InIUVI0Lu0VBUAPmj2cU5JutEXg3xUE0c2J5Tcy7h2DEKVJBFi+Y9ZSFzzPQ==",
			"dev": true
		}
	}
}
